// !$*UTF8*$!
{
	archiveVersion = 1;
	classes = {
	};
	objectVersion = 56;
	objects = {

/* Begin PBXBuildFile section */
		632721862B9F2E5C007E3206 /* .gitignore in Resources */ = {isa = PBXBuildFile; fileRef = 632721852B9F2E5C007E3206 /* .gitignore */; };
		635BD5592B9F56CA004480D1 /* Localizable.xcstrings in Resources */ = {isa = PBXBuildFile; fileRef = 635BD5582B9F56CA004480D1 /* Localizable.xcstrings */; };
		635BD55C2B9F5708004480D1 /* ComposableArchitecture in Frameworks */ = {isa = PBXBuildFile; productRef = 635BD55B2B9F5708004480D1 /* ComposableArchitecture */; };
		63A9C3F62BA574830076D42C /* TimerDependency.swift in Sources */ = {isa = PBXBuildFile; fileRef = 63A9C3F52BA574830076D42C /* TimerDependency.swift */; };
		63A9C3F92BA5A3F10076D42C /* NumberPickerView.swift in Sources */ = {isa = PBXBuildFile; fileRef = 63A9C3F82BA5A3F10076D42C /* NumberPickerView.swift */; };
		63A9C3FD2BA5E21A0076D42C /* AnalyzeFeature.swift in Sources */ = {isa = PBXBuildFile; fileRef = 63A9C3FC2BA5E21A0076D42C /* AnalyzeFeature.swift */; };
		63A9C4002BA5E2D60076D42C /* AnalyzeView.swift in Sources */ = {isa = PBXBuildFile; fileRef = 63A9C3FF2BA5E2D60076D42C /* AnalyzeView.swift */; };
		63AD70522BA4297300DBD6B9 /* TimerView.swift in Sources */ = {isa = PBXBuildFile; fileRef = 63AD70512BA4297300DBD6B9 /* TimerView.swift */; };
		63AD70542BA429E300DBD6B9 /* DorocatFeature.swift in Sources */ = {isa = PBXBuildFile; fileRef = 63AD70532BA429E300DBD6B9 /* DorocatFeature.swift */; };
		63AD70562BA42A6E00DBD6B9 /* DoroMainView.swift in Sources */ = {isa = PBXBuildFile; fileRef = 63AD70552BA42A6E00DBD6B9 /* DoroMainView.swift */; };
		63AD70582BA437EB00DBD6B9 /* TimerFeature.swift in Sources */ = {isa = PBXBuildFile; fileRef = 63AD70572BA437EB00DBD6B9 /* TimerFeature.swift */; };
		63AD705A2BA439D600DBD6B9 /* TimerSettingView.swift in Sources */ = {isa = PBXBuildFile; fileRef = 63AD70592BA439D600DBD6B9 /* TimerSettingView.swift */; };
		63AD705E2BA43A5900DBD6B9 /* SettingView.swift in Sources */ = {isa = PBXBuildFile; fileRef = 63AD705D2BA43A5900DBD6B9 /* SettingView.swift */; };
		63AD70622BA43EB800DBD6B9 /* SettingFeature.swift in Sources */ = {isa = PBXBuildFile; fileRef = 63AD70612BA43EB800DBD6B9 /* SettingFeature.swift */; };
		63AD70642BA43F6D00DBD6B9 /* TimerSettingFeature.swift in Sources */ = {isa = PBXBuildFile; fileRef = 63AD70632BA43F6D00DBD6B9 /* TimerSettingFeature.swift */; };
		63C124D42B9EF93D000A6D35 /* DorocatApp.swift in Sources */ = {isa = PBXBuildFile; fileRef = 63C124D32B9EF93D000A6D35 /* DorocatApp.swift */; };
		63C124D82B9EF93D000A6D35 /* Assets.xcassets in Resources */ = {isa = PBXBuildFile; fileRef = 63C124D72B9EF93D000A6D35 /* Assets.xcassets */; };
		63C124DB2B9EF93D000A6D35 /* Preview Assets.xcassets in Resources */ = {isa = PBXBuildFile; fileRef = 63C124DA2B9EF93D000A6D35 /* Preview Assets.xcassets */; };
		63C969EE2B9FD509004E79C6 /* Realm in Frameworks */ = {isa = PBXBuildFile; productRef = 63C969ED2B9FD509004E79C6 /* Realm */; };
		63C969F02B9FD509004E79C6 /* RealmSwift in Frameworks */ = {isa = PBXBuildFile; productRef = 63C969EF2B9FD509004E79C6 /* RealmSwift */; };
/* End PBXBuildFile section */

/* Begin PBXFileReference section */
		632721852B9F2E5C007E3206 /* .gitignore */ = {isa = PBXFileReference; lastKnownFileType = text; path = .gitignore; sourceTree = "<group>"; };
		635BD5582B9F56CA004480D1 /* Localizable.xcstrings */ = {isa = PBXFileReference; lastKnownFileType = text.json.xcstrings; path = Localizable.xcstrings; sourceTree = "<group>"; };
		63A9C3F52BA574830076D42C /* TimerDependency.swift */ = {isa = PBXFileReference; lastKnownFileType = sourcecode.swift; path = TimerDependency.swift; sourceTree = "<group>"; };
		63A9C3F82BA5A3F10076D42C /* NumberPickerView.swift */ = {isa = PBXFileReference; lastKnownFileType = sourcecode.swift; path = NumberPickerView.swift; sourceTree = "<group>"; };
		63A9C3FC2BA5E21A0076D42C /* AnalyzeFeature.swift */ = {isa = PBXFileReference; lastKnownFileType = sourcecode.swift; path = AnalyzeFeature.swift; sourceTree = "<group>"; };
		63A9C3FF2BA5E2D60076D42C /* AnalyzeView.swift */ = {isa = PBXFileReference; lastKnownFileType = sourcecode.swift; path = AnalyzeView.swift; sourceTree = "<group>"; };
		63AD70512BA4297300DBD6B9 /* TimerView.swift */ = {isa = PBXFileReference; lastKnownFileType = sourcecode.swift; path = TimerView.swift; sourceTree = "<group>"; };
		63AD70532BA429E300DBD6B9 /* DorocatFeature.swift */ = {isa = PBXFileReference; lastKnownFileType = sourcecode.swift; path = DorocatFeature.swift; sourceTree = "<group>"; };
		63AD70552BA42A6E00DBD6B9 /* DoroMainView.swift */ = {isa = PBXFileReference; lastKnownFileType = sourcecode.swift; path = DoroMainView.swift; sourceTree = "<group>"; };
		63AD70572BA437EB00DBD6B9 /* TimerFeature.swift */ = {isa = PBXFileReference; lastKnownFileType = sourcecode.swift; path = TimerFeature.swift; sourceTree = "<group>"; };
		63AD70592BA439D600DBD6B9 /* TimerSettingView.swift */ = {isa = PBXFileReference; lastKnownFileType = sourcecode.swift; path = TimerSettingView.swift; sourceTree = "<group>"; };
		63AD705D2BA43A5900DBD6B9 /* SettingView.swift */ = {isa = PBXFileReference; lastKnownFileType = sourcecode.swift; path = SettingView.swift; sourceTree = "<group>"; };
		63AD70612BA43EB800DBD6B9 /* SettingFeature.swift */ = {isa = PBXFileReference; lastKnownFileType = sourcecode.swift; path = SettingFeature.swift; sourceTree = "<group>"; };
		63AD70632BA43F6D00DBD6B9 /* TimerSettingFeature.swift */ = {isa = PBXFileReference; lastKnownFileType = sourcecode.swift; path = TimerSettingFeature.swift; sourceTree = "<group>"; };
		63C124D02B9EF93D000A6D35 /* Dorocat.app */ = {isa = PBXFileReference; explicitFileType = wrapper.application; includeInIndex = 0; path = Dorocat.app; sourceTree = BUILT_PRODUCTS_DIR; };
		63C124D32B9EF93D000A6D35 /* DorocatApp.swift */ = {isa = PBXFileReference; lastKnownFileType = sourcecode.swift; path = DorocatApp.swift; sourceTree = "<group>"; };
		63C124D72B9EF93D000A6D35 /* Assets.xcassets */ = {isa = PBXFileReference; lastKnownFileType = folder.assetcatalog; path = Assets.xcassets; sourceTree = "<group>"; };
		63C124DA2B9EF93D000A6D35 /* Preview Assets.xcassets */ = {isa = PBXFileReference; lastKnownFileType = folder.assetcatalog; path = "Preview Assets.xcassets"; sourceTree = "<group>"; };
/* End PBXFileReference section */

/* Begin PBXFrameworksBuildPhase section */
		63C124CD2B9EF93D000A6D35 /* Frameworks */ = {
			isa = PBXFrameworksBuildPhase;
			buildActionMask = 2147483647;
			files = (
				63C969F02B9FD509004E79C6 /* RealmSwift in Frameworks */,
				63C969EE2B9FD509004E79C6 /* Realm in Frameworks */,
				635BD55C2B9F5708004480D1 /* ComposableArchitecture in Frameworks */,
			);
			runOnlyForDeploymentPostprocessing = 0;
		};
/* End PBXFrameworksBuildPhase section */

/* Begin PBXGroup section */
		635BD55D2B9F573D004480D1 /* Scenes */ = {
			isa = PBXGroup;
			children = (
				63A9C3FE2BA5E2CA0076D42C /* AnalyzeViews */,
				63AD705C2BA43A4F00DBD6B9 /* SettingViews */,
				63AD705B2BA43A3C00DBD6B9 /* TimerViews */,
				63AD70552BA42A6E00DBD6B9 /* DoroMainView.swift */,
			);
			path = Scenes;
			sourceTree = "<group>";
		};
		635BD55F2B9F5764004480D1 /* Helpers */ = {
			isa = PBXGroup;
			children = (
				63A9C3F72BA5A3E30076D42C /* CustomUIs */,
			);
			path = Helpers;
			sourceTree = "<group>";
		};
		63A9C3F72BA5A3E30076D42C /* CustomUIs */ = {
			isa = PBXGroup;
			children = (
				63A9C3F82BA5A3F10076D42C /* NumberPickerView.swift */,
			);
			path = CustomUIs;
			sourceTree = "<group>";
		};
		63A9C3FA2BA5AAC20076D42C /* TimerSetting */ = {
			isa = PBXGroup;
			children = (
				63AD70592BA439D600DBD6B9 /* TimerSettingView.swift */,
			);
			path = TimerSetting;
			sourceTree = "<group>";
		};
		63A9C3FB2BA5E1CD0076D42C /* AnalyzeFeatures */ = {
			isa = PBXGroup;
			children = (
				63A9C3FC2BA5E21A0076D42C /* AnalyzeFeature.swift */,
			);
			path = AnalyzeFeatures;
			sourceTree = "<group>";
		};
		63A9C3FE2BA5E2CA0076D42C /* AnalyzeViews */ = {
			isa = PBXGroup;
			children = (
				63A9C3FF2BA5E2D60076D42C /* AnalyzeView.swift */,
			);
			path = AnalyzeViews;
			sourceTree = "<group>";
		};
		63AD70502BA4292D00DBD6B9 /* Features */ = {
			isa = PBXGroup;
			children = (
				63AD70532BA429E300DBD6B9 /* DorocatFeature.swift */,
				63A9C3FB2BA5E1CD0076D42C /* AnalyzeFeatures */,
				63AD705F2BA43AE200DBD6B9 /* TimerFeatures */,
				63AD70602BA43E9900DBD6B9 /* SettingFeatures */,
			);
			path = Features;
			sourceTree = "<group>";
		};
		63AD705B2BA43A3C00DBD6B9 /* TimerViews */ = {
			isa = PBXGroup;
			children = (
				63A9C3FA2BA5AAC20076D42C /* TimerSetting */,
				63AD70512BA4297300DBD6B9 /* TimerView.swift */,
			);
			path = TimerViews;
			sourceTree = "<group>";
		};
		63AD705C2BA43A4F00DBD6B9 /* SettingViews */ = {
			isa = PBXGroup;
			children = (
				63AD705D2BA43A5900DBD6B9 /* SettingView.swift */,
			);
			path = SettingViews;
			sourceTree = "<group>";
		};
		63AD705F2BA43AE200DBD6B9 /* TimerFeatures */ = {
			isa = PBXGroup;
			children = (
				63AD70572BA437EB00DBD6B9 /* TimerFeature.swift */,
				63AD70632BA43F6D00DBD6B9 /* TimerSettingFeature.swift */,
			);
			path = TimerFeatures;
			sourceTree = "<group>";
		};
		63AD70602BA43E9900DBD6B9 /* SettingFeatures */ = {
			isa = PBXGroup;
			children = (
				63AD70612BA43EB800DBD6B9 /* SettingFeature.swift */,
			);
			path = SettingFeatures;
			sourceTree = "<group>";
		};
		63C124C72B9EF93D000A6D35 = {
			isa = PBXGroup;
			children = (
				63C124D22B9EF93D000A6D35 /* Dorocat */,
				63C124D12B9EF93D000A6D35 /* Products */,
			);
			sourceTree = "<group>";
		};
		63C124D12B9EF93D000A6D35 /* Products */ = {
			isa = PBXGroup;
			children = (
				63C124D02B9EF93D000A6D35 /* Dorocat.app */,
			);
			name = Products;
			sourceTree = "<group>";
		};
		63C124D22B9EF93D000A6D35 /* Dorocat */ = {
			isa = PBXGroup;
			children = (
				63AD70502BA4292D00DBD6B9 /* Features */,
				635BD55D2B9F573D004480D1 /* Scenes */,
				63C124E32B9EFAF1000A6D35 /* Cores */,
				63C124E22B9EFAE6000A6D35 /* Resources */,
				63C124E12B9EFAD5000A6D35 /* Dependencies */,
				63C124D32B9EF93D000A6D35 /* DorocatApp.swift */,
				635BD55F2B9F5764004480D1 /* Helpers */,
				63C124D72B9EF93D000A6D35 /* Assets.xcassets */,
				63C124D92B9EF93D000A6D35 /* Preview Content */,
				632721852B9F2E5C007E3206 /* .gitignore */,
				635BD5582B9F56CA004480D1 /* Localizable.xcstrings */,
			);
			path = Dorocat;
			sourceTree = "<group>";
		};
		63C124D92B9EF93D000A6D35 /* Preview Content */ = {
			isa = PBXGroup;
			children = (
				63C124DA2B9EF93D000A6D35 /* Preview Assets.xcassets */,
			);
			path = "Preview Content";
			sourceTree = "<group>";
		};
		63C124E12B9EFAD5000A6D35 /* Dependencies */ = {
			isa = PBXGroup;
			children = (
				63A9C3F52BA574830076D42C /* TimerDependency.swift */,
			);
			path = Dependencies;
			sourceTree = "<group>";
		};
		63C124E22B9EFAE6000A6D35 /* Resources */ = {
			isa = PBXGroup;
			children = (
			);
			path = Resources;
			sourceTree = "<group>";
		};
		63C124E32B9EFAF1000A6D35 /* Cores */ = {
			isa = PBXGroup;
			children = (
			);
			path = Cores;
			sourceTree = "<group>";
		};
/* End PBXGroup section */

/* Begin PBXNativeTarget section */
		63C124CF2B9EF93D000A6D35 /* Dorocat */ = {
			isa = PBXNativeTarget;
			buildConfigurationList = 63C124DE2B9EF93D000A6D35 /* Build configuration list for PBXNativeTarget "Dorocat" */;
			buildPhases = (
				63C124CC2B9EF93D000A6D35 /* Sources */,
				63C124CD2B9EF93D000A6D35 /* Frameworks */,
				63C124CE2B9EF93D000A6D35 /* Resources */,
			);
			buildRules = (
			);
			dependencies = (
			);
			name = Dorocat;
			packageProductDependencies = (
				635BD55B2B9F5708004480D1 /* ComposableArchitecture */,
				63C969ED2B9FD509004E79C6 /* Realm */,
				63C969EF2B9FD509004E79C6 /* RealmSwift */,
			);
			productName = Dorocat;
			productReference = 63C124D02B9EF93D000A6D35 /* Dorocat.app */;
			productType = "com.apple.product-type.application";
		};
/* End PBXNativeTarget section */

/* Begin PBXProject section */
		63C124C82B9EF93D000A6D35 /* Project object */ = {
			isa = PBXProject;
			attributes = {
				BuildIndependentTargetsInParallel = 1;
				LastSwiftUpdateCheck = 1520;
				LastUpgradeCheck = 1520;
				TargetAttributes = {
					63C124CF2B9EF93D000A6D35 = {
						CreatedOnToolsVersion = 15.2;
					};
				};
			};
			buildConfigurationList = 63C124CB2B9EF93D000A6D35 /* Build configuration list for PBXProject "Dorocat" */;
			compatibilityVersion = "Xcode 14.0";
			developmentRegion = en;
			hasScannedForEncodings = 0;
			knownRegions = (
				en,
				Base,
				ko,
			);
			mainGroup = 63C124C72B9EF93D000A6D35;
			packageReferences = (
				635BD55A2B9F5708004480D1 /* XCRemoteSwiftPackageReference "swift-composable-architecture" */,
				63C969EC2B9FD509004E79C6 /* XCRemoteSwiftPackageReference "realm-swift" */,
			);
			productRefGroup = 63C124D12B9EF93D000A6D35 /* Products */;
			projectDirPath = "";
			projectRoot = "";
			targets = (
				63C124CF2B9EF93D000A6D35 /* Dorocat */,
			);
		};
/* End PBXProject section */

/* Begin PBXResourcesBuildPhase section */
		63C124CE2B9EF93D000A6D35 /* Resources */ = {
			isa = PBXResourcesBuildPhase;
			buildActionMask = 2147483647;
			files = (
				63C124DB2B9EF93D000A6D35 /* Preview Assets.xcassets in Resources */,
				632721862B9F2E5C007E3206 /* .gitignore in Resources */,
				635BD5592B9F56CA004480D1 /* Localizable.xcstrings in Resources */,
				63C124D82B9EF93D000A6D35 /* Assets.xcassets in Resources */,
			);
			runOnlyForDeploymentPostprocessing = 0;
		};
/* End PBXResourcesBuildPhase section */

/* Begin PBXSourcesBuildPhase section */
		63C124CC2B9EF93D000A6D35 /* Sources */ = {
			isa = PBXSourcesBuildPhase;
			buildActionMask = 2147483647;
			files = (
				63AD70522BA4297300DBD6B9 /* TimerView.swift in Sources */,
				63AD70622BA43EB800DBD6B9 /* SettingFeature.swift in Sources */,
				63A9C4002BA5E2D60076D42C /* AnalyzeView.swift in Sources */,
				63AD70562BA42A6E00DBD6B9 /* DoroMainView.swift in Sources */,
				63A9C3FD2BA5E21A0076D42C /* AnalyzeFeature.swift in Sources */,
				63A9C3F92BA5A3F10076D42C /* NumberPickerView.swift in Sources */,
				63C124D42B9EF93D000A6D35 /* DorocatApp.swift in Sources */,
				63A9C3F62BA574830076D42C /* TimerDependency.swift in Sources */,
				63AD70642BA43F6D00DBD6B9 /* TimerSettingFeature.swift in Sources */,
				63AD705E2BA43A5900DBD6B9 /* SettingView.swift in Sources */,
				63AD70582BA437EB00DBD6B9 /* TimerFeature.swift in Sources */,
				63AD70542BA429E300DBD6B9 /* DorocatFeature.swift in Sources */,
				63AD705A2BA439D600DBD6B9 /* TimerSettingView.swift in Sources */,
			);
			runOnlyForDeploymentPostprocessing = 0;
		};
/* End PBXSourcesBuildPhase section */

/* Begin XCBuildConfiguration section */
		63C124DC2B9EF93D000A6D35 /* Debug */ = {
			isa = XCBuildConfiguration;
			buildSettings = {
				ALWAYS_SEARCH_USER_PATHS = NO;
				ASSETCATALOG_COMPILER_GENERATE_SWIFT_ASSET_SYMBOL_EXTENSIONS = YES;
				CLANG_ANALYZER_NONNULL = YES;
				CLANG_ANALYZER_NUMBER_OBJECT_CONVERSION = YES_AGGRESSIVE;
				CLANG_CXX_LANGUAGE_STANDARD = "gnu++20";
				CLANG_ENABLE_MODULES = YES;
				CLANG_ENABLE_OBJC_ARC = YES;
				CLANG_ENABLE_OBJC_WEAK = YES;
				CLANG_WARN_BLOCK_CAPTURE_AUTORELEASING = YES;
				CLANG_WARN_BOOL_CONVERSION = YES;
				CLANG_WARN_COMMA = YES;
				CLANG_WARN_CONSTANT_CONVERSION = YES;
				CLANG_WARN_DEPRECATED_OBJC_IMPLEMENTATIONS = YES;
				CLANG_WARN_DIRECT_OBJC_ISA_USAGE = YES_ERROR;
				CLANG_WARN_DOCUMENTATION_COMMENTS = YES;
				CLANG_WARN_EMPTY_BODY = YES;
				CLANG_WARN_ENUM_CONVERSION = YES;
				CLANG_WARN_INFINITE_RECURSION = YES;
				CLANG_WARN_INT_CONVERSION = YES;
				CLANG_WARN_NON_LITERAL_NULL_CONVERSION = YES;
				CLANG_WARN_OBJC_IMPLICIT_RETAIN_SELF = YES;
				CLANG_WARN_OBJC_LITERAL_CONVERSION = YES;
				CLANG_WARN_OBJC_ROOT_CLASS = YES_ERROR;
				CLANG_WARN_QUOTED_INCLUDE_IN_FRAMEWORK_HEADER = YES;
				CLANG_WARN_RANGE_LOOP_ANALYSIS = YES;
				CLANG_WARN_STRICT_PROTOTYPES = YES;
				CLANG_WARN_SUSPICIOUS_MOVE = YES;
				CLANG_WARN_UNGUARDED_AVAILABILITY = YES_AGGRESSIVE;
				CLANG_WARN_UNREACHABLE_CODE = YES;
				CLANG_WARN__DUPLICATE_METHOD_MATCH = YES;
				COPY_PHASE_STRIP = NO;
				DEBUG_INFORMATION_FORMAT = dwarf;
				ENABLE_STRICT_OBJC_MSGSEND = YES;
				ENABLE_TESTABILITY = YES;
				ENABLE_USER_SCRIPT_SANDBOXING = YES;
				GCC_C_LANGUAGE_STANDARD = gnu17;
				GCC_DYNAMIC_NO_PIC = NO;
				GCC_NO_COMMON_BLOCKS = YES;
				GCC_OPTIMIZATION_LEVEL = 0;
				GCC_PREPROCESSOR_DEFINITIONS = (
					"DEBUG=1",
					"$(inherited)",
				);
				GCC_WARN_64_TO_32_BIT_CONVERSION = YES;
				GCC_WARN_ABOUT_RETURN_TYPE = YES_ERROR;
				GCC_WARN_UNDECLARED_SELECTOR = YES;
				GCC_WARN_UNINITIALIZED_AUTOS = YES_AGGRESSIVE;
				GCC_WARN_UNUSED_FUNCTION = YES;
				GCC_WARN_UNUSED_VARIABLE = YES;
				IPHONEOS_DEPLOYMENT_TARGET = 16.0;
				LOCALIZATION_PREFERS_STRING_CATALOGS = YES;
				MTL_ENABLE_DEBUG_INFO = INCLUDE_SOURCE;
				MTL_FAST_MATH = YES;
				ONLY_ACTIVE_ARCH = YES;
				SDKROOT = iphoneos;
				SWIFT_ACTIVE_COMPILATION_CONDITIONS = "DEBUG $(inherited)";
				SWIFT_OPTIMIZATION_LEVEL = "-Onone";
			};
			name = Debug;
		};
		63C124DD2B9EF93D000A6D35 /* Release */ = {
			isa = XCBuildConfiguration;
			buildSettings = {
				ALWAYS_SEARCH_USER_PATHS = NO;
				ASSETCATALOG_COMPILER_GENERATE_SWIFT_ASSET_SYMBOL_EXTENSIONS = YES;
				CLANG_ANALYZER_NONNULL = YES;
				CLANG_ANALYZER_NUMBER_OBJECT_CONVERSION = YES_AGGRESSIVE;
				CLANG_CXX_LANGUAGE_STANDARD = "gnu++20";
				CLANG_ENABLE_MODULES = YES;
				CLANG_ENABLE_OBJC_ARC = YES;
				CLANG_ENABLE_OBJC_WEAK = YES;
				CLANG_WARN_BLOCK_CAPTURE_AUTORELEASING = YES;
				CLANG_WARN_BOOL_CONVERSION = YES;
				CLANG_WARN_COMMA = YES;
				CLANG_WARN_CONSTANT_CONVERSION = YES;
				CLANG_WARN_DEPRECATED_OBJC_IMPLEMENTATIONS = YES;
				CLANG_WARN_DIRECT_OBJC_ISA_USAGE = YES_ERROR;
				CLANG_WARN_DOCUMENTATION_COMMENTS = YES;
				CLANG_WARN_EMPTY_BODY = YES;
				CLANG_WARN_ENUM_CONVERSION = YES;
				CLANG_WARN_INFINITE_RECURSION = YES;
				CLANG_WARN_INT_CONVERSION = YES;
				CLANG_WARN_NON_LITERAL_NULL_CONVERSION = YES;
				CLANG_WARN_OBJC_IMPLICIT_RETAIN_SELF = YES;
				CLANG_WARN_OBJC_LITERAL_CONVERSION = YES;
				CLANG_WARN_OBJC_ROOT_CLASS = YES_ERROR;
				CLANG_WARN_QUOTED_INCLUDE_IN_FRAMEWORK_HEADER = YES;
				CLANG_WARN_RANGE_LOOP_ANALYSIS = YES;
				CLANG_WARN_STRICT_PROTOTYPES = YES;
				CLANG_WARN_SUSPICIOUS_MOVE = YES;
				CLANG_WARN_UNGUARDED_AVAILABILITY = YES_AGGRESSIVE;
				CLANG_WARN_UNREACHABLE_CODE = YES;
				CLANG_WARN__DUPLICATE_METHOD_MATCH = YES;
				COPY_PHASE_STRIP = NO;
				DEBUG_INFORMATION_FORMAT = "dwarf-with-dsym";
				ENABLE_NS_ASSERTIONS = NO;
				ENABLE_STRICT_OBJC_MSGSEND = YES;
				ENABLE_USER_SCRIPT_SANDBOXING = YES;
				GCC_C_LANGUAGE_STANDARD = gnu17;
				GCC_NO_COMMON_BLOCKS = YES;
				GCC_WARN_64_TO_32_BIT_CONVERSION = YES;
				GCC_WARN_ABOUT_RETURN_TYPE = YES_ERROR;
				GCC_WARN_UNDECLARED_SELECTOR = YES;
				GCC_WARN_UNINITIALIZED_AUTOS = YES_AGGRESSIVE;
				GCC_WARN_UNUSED_FUNCTION = YES;
				GCC_WARN_UNUSED_VARIABLE = YES;
				IPHONEOS_DEPLOYMENT_TARGET = 16.0;
				LOCALIZATION_PREFERS_STRING_CATALOGS = YES;
				MTL_ENABLE_DEBUG_INFO = NO;
				MTL_FAST_MATH = YES;
				SDKROOT = iphoneos;
				SWIFT_COMPILATION_MODE = wholemodule;
				VALIDATE_PRODUCT = YES;
			};
			name = Release;
		};
		63C124DF2B9EF93D000A6D35 /* Debug */ = {
			isa = XCBuildConfiguration;
			buildSettings = {
				ASSETCATALOG_COMPILER_APPICON_NAME = AppIcon;
				ASSETCATALOG_COMPILER_GLOBAL_ACCENT_COLOR_NAME = AccentColor;
				CODE_SIGN_STYLE = Automatic;
				CURRENT_PROJECT_VERSION = 1;
				DEVELOPMENT_ASSET_PATHS = "\"Dorocat/Preview Content\"";
				DEVELOPMENT_TEAM = 3W9F68ZTUJ;
				ENABLE_PREVIEWS = YES;
				GENERATE_INFOPLIST_FILE = YES;
				INFOPLIST_KEY_UIApplicationSceneManifest_Generation = YES;
				INFOPLIST_KEY_UIApplicationSupportsIndirectInputEvents = YES;
				INFOPLIST_KEY_UILaunchScreen_Generation = YES;
				INFOPLIST_KEY_UIStatusBarStyle = "";
				INFOPLIST_KEY_UISupportedInterfaceOrientations = UIInterfaceOrientationPortrait;
				INFOPLIST_KEY_UISupportedInterfaceOrientations_iPad = "UIInterfaceOrientationLandscapeLeft UIInterfaceOrientationLandscapeRight UIInterfaceOrientationPortrait UIInterfaceOrientationPortraitUpsideDown";
				IPHONEOS_DEPLOYMENT_TARGET = 16.0;
				LD_RUNPATH_SEARCH_PATHS = (
					"$(inherited)",
					"@executable_path/Frameworks",
				);
				MARKETING_VERSION = 1.0;
				PRODUCT_BUNDLE_IDENTIFIER = com.tistory.arpple.Dorocat;
				PRODUCT_NAME = "$(TARGET_NAME)";
				SUPPORTED_PLATFORMS = "iphoneos iphonesimulator";
				SUPPORTS_MACCATALYST = NO;
				SUPPORTS_XR_DESIGNED_FOR_IPHONE_IPAD = NO;
				SWIFT_EMIT_LOC_STRINGS = YES;
				SWIFT_VERSION = 5.0;
				TARGETED_DEVICE_FAMILY = "1,2";
			};
			name = Debug;
		};
		63C124E02B9EF93D000A6D35 /* Release */ = {
			isa = XCBuildConfiguration;
			buildSettings = {
				ASSETCATALOG_COMPILER_APPICON_NAME = AppIcon;
				ASSETCATALOG_COMPILER_GLOBAL_ACCENT_COLOR_NAME = AccentColor;
				CODE_SIGN_STYLE = Automatic;
				CURRENT_PROJECT_VERSION = 1;
				DEVELOPMENT_ASSET_PATHS = "\"Dorocat/Preview Content\"";
				DEVELOPMENT_TEAM = 3W9F68ZTUJ;
				ENABLE_PREVIEWS = YES;
				GENERATE_INFOPLIST_FILE = YES;
				INFOPLIST_KEY_UIApplicationSceneManifest_Generation = YES;
				INFOPLIST_KEY_UIApplicationSupportsIndirectInputEvents = YES;
				INFOPLIST_KEY_UILaunchScreen_Generation = YES;
				INFOPLIST_KEY_UIStatusBarStyle = "";
				INFOPLIST_KEY_UISupportedInterfaceOrientations = UIInterfaceOrientationPortrait;
				INFOPLIST_KEY_UISupportedInterfaceOrientations_iPad = "UIInterfaceOrientationLandscapeLeft UIInterfaceOrientationLandscapeRight UIInterfaceOrientationPortrait UIInterfaceOrientationPortraitUpsideDown";
				IPHONEOS_DEPLOYMENT_TARGET = 16.0;
				LD_RUNPATH_SEARCH_PATHS = (
					"$(inherited)",
					"@executable_path/Frameworks",
				);
				MARKETING_VERSION = 1.0;
				PRODUCT_BUNDLE_IDENTIFIER = com.tistory.arpple.Dorocat;
				PRODUCT_NAME = "$(TARGET_NAME)";
				SUPPORTED_PLATFORMS = "iphoneos iphonesimulator";
				SUPPORTS_MACCATALYST = NO;
				SUPPORTS_XR_DESIGNED_FOR_IPHONE_IPAD = NO;
				SWIFT_EMIT_LOC_STRINGS = YES;
				SWIFT_VERSION = 5.0;
				TARGETED_DEVICE_FAMILY = "1,2";
			};
			name = Release;
		};
/* End XCBuildConfiguration section */

/* Begin XCConfigurationList section */
		63C124CB2B9EF93D000A6D35 /* Build configuration list for PBXProject "Dorocat" */ = {
			isa = XCConfigurationList;
			buildConfigurations = (
				63C124DC2B9EF93D000A6D35 /* Debug */,
				63C124DD2B9EF93D000A6D35 /* Release */,
			);
			defaultConfigurationIsVisible = 0;
			defaultConfigurationName = Release;
		};
		63C124DE2B9EF93D000A6D35 /* Build configuration list for PBXNativeTarget "Dorocat" */ = {
			isa = XCConfigurationList;
			buildConfigurations = (
				63C124DF2B9EF93D000A6D35 /* Debug */,
				63C124E02B9EF93D000A6D35 /* Release */,
			);
			defaultConfigurationIsVisible = 0;
			defaultConfigurationName = Release;
		};
/* End XCConfigurationList section */

/* Begin XCRemoteSwiftPackageReference section */
		635BD55A2B9F5708004480D1 /* XCRemoteSwiftPackageReference "swift-composable-architecture" */ = {
			isa = XCRemoteSwiftPackageReference;
			repositoryURL = "https://github.com/pointfreeco/swift-composable-architecture.git";
			requirement = {
				kind = upToNextMajorVersion;
				minimumVersion = 1.9.2;
			};
		};
		63C969EC2B9FD509004E79C6 /* XCRemoteSwiftPackageReference "realm-swift" */ = {
			isa = XCRemoteSwiftPackageReference;
			repositoryURL = "https://github.com/realm/realm-swift.git";
			requirement = {
				branch = master;
				kind = branch;
			};
		};
/* End XCRemoteSwiftPackageReference section */

/* Begin XCSwiftPackageProductDependency section */
		635BD55B2B9F5708004480D1 /* ComposableArchitecture */ = {
			isa = XCSwiftPackageProductDependency;
			package = 635BD55A2B9F5708004480D1 /* XCRemoteSwiftPackageReference "swift-composable-architecture" */;
			productName = ComposableArchitecture;
		};
		63C969ED2B9FD509004E79C6 /* Realm */ = {
			isa = XCSwiftPackageProductDependency;
			package = 63C969EC2B9FD509004E79C6 /* XCRemoteSwiftPackageReference "realm-swift" */;
			productName = Realm;
		};
		63C969EF2B9FD509004E79C6 /* RealmSwift */ = {
			isa = XCSwiftPackageProductDependency;
			package = 63C969EC2B9FD509004E79C6 /* XCRemoteSwiftPackageReference "realm-swift" */;
			productName = RealmSwift;
		};
/* End XCSwiftPackageProductDependency section */
	};
	rootObject = 63C124C82B9EF93D000A6D35 /* Project object */;
}
