// !$*UTF8*$!
{
	archiveVersion = 1;
	classes = {
	};
	objectVersion = 70;
	objects = {

/* Begin PBXBuildFile section */
		63085EBE2CB54C9E00F87662 /* DoroDesignSystem in Frameworks */ = {isa = PBXBuildFile; productRef = 63085EBD2CB54C9E00F87662 /* DoroDesignSystem */; };
		63085EC02CB54CF600F87662 /* DoroDesignSystem in Frameworks */ = {isa = PBXBuildFile; productRef = 63085EBF2CB54CF600F87662 /* DoroDesignSystem */; };
		632F53882BD7490800357C68 /* WidgetKit.framework in Frameworks */ = {isa = PBXBuildFile; fileRef = 632F53872BD7490800357C68 /* WidgetKit.framework */; };
		632F538A2BD7490800357C68 /* SwiftUI.framework in Frameworks */ = {isa = PBXBuildFile; fileRef = 632F53892BD7490800357C68 /* SwiftUI.framework */; };
		632F53972BD7490900357C68 /* DoroWidgetExtensionExtension.appex in Embed Foundation Extensions */ = {isa = PBXBuildFile; fileRef = 632F53852BD7490800357C68 /* DoroWidgetExtensionExtension.appex */; settings = {ATTRIBUTES = (RemoveHeadersOnCopy, ); }; };
		633D06422CA0659E00FD9070 /* DorocatTests.swift in Sources */ = {isa = PBXBuildFile; fileRef = 633D06412CA0659E00FD9070 /* DorocatTests.swift */; };
		633FF07D2BDAB14B00D0F85F /* StoreKit.framework in Frameworks */ = {isa = PBXBuildFile; fileRef = 633FF07C2BDAB14B00D0F85F /* StoreKit.framework */; };
		6352AFC42BF626A900929F47 /* Intents.framework in Frameworks */ = {isa = PBXBuildFile; fileRef = 6352AF7B2BF625D200929F47 /* Intents.framework */; };
		6352AFC72BF626A900929F47 /* IntentHandler.swift in Sources */ = {isa = PBXBuildFile; fileRef = 6352AFC62BF626A900929F47 /* IntentHandler.swift */; };
		6352AFCB2BF626A900929F47 /* DorocatIntents.appex in Embed Foundation Extensions */ = {isa = PBXBuildFile; fileRef = 6352AFC32BF626A900929F47 /* DorocatIntents.appex */; settings = {ATTRIBUTES = (RemoveHeadersOnCopy, ); }; };
		63597A8A2C843A2C0003E880 /* FirebaseAnalytics in Frameworks */ = {isa = PBXBuildFile; productRef = 63597A892C843A2C0003E880 /* FirebaseAnalytics */; };
		63597A8C2C843A2C0003E880 /* FirebaseAnalyticsOnDeviceConversion in Frameworks */ = {isa = PBXBuildFile; productRef = 63597A8B2C843A2C0003E880 /* FirebaseAnalyticsOnDeviceConversion */; };
		63597A8E2C843A2C0003E880 /* FirebaseAnalyticsWithoutAdIdSupport in Frameworks */ = {isa = PBXBuildFile; productRef = 63597A8D2C843A2C0003E880 /* FirebaseAnalyticsWithoutAdIdSupport */; };
		63597A902C843A2C0003E880 /* FirebaseCrashlytics in Frameworks */ = {isa = PBXBuildFile; productRef = 63597A8F2C843A2C0003E880 /* FirebaseCrashlytics */; };
		635BD55C2B9F5708004480D1 /* ComposableArchitecture in Frameworks */ = {isa = PBXBuildFile; productRef = 635BD55B2B9F5708004480D1 /* ComposableArchitecture */; };
		63860A4A2CB415E80058D4EE /* NotificationDependency in Frameworks */ = {isa = PBXBuildFile; productRef = 63860A492CB415E80058D4EE /* NotificationDependency */; };
		63860A502CB416B50058D4EE /* NotificationDependency in Frameworks */ = {isa = PBXBuildFile; productRef = 63860A4F2CB416B50058D4EE /* NotificationDependency */; };
		638C92872C52AB5F00F62CA4 /* Dorocat.storekit in Resources */ = {isa = PBXBuildFile; fileRef = 638C92862C52AB5F00F62CA4 /* Dorocat.storekit */; };
		63CCAFA32BCD1E280045B2A0 /* Lottie in Frameworks */ = {isa = PBXBuildFile; productRef = 63CCAFA22BCD1E280045B2A0 /* Lottie */; };
		63D0C3592CA037E300C4D315 /* GreemSwiftPackage in Frameworks */ = {isa = PBXBuildFile; productRef = 63D0C3582CA037E300C4D315 /* GreemSwiftPackage */; };
/* End PBXBuildFile section */

/* Begin PBXContainerItemProxy section */
		632F53952BD7490900357C68 /* PBXContainerItemProxy */ = {
			isa = PBXContainerItemProxy;
			containerPortal = 63C124C82B9EF93D000A6D35 /* Project object */;
			proxyType = 1;
			remoteGlobalIDString = 632F53842BD7490800357C68;
			remoteInfo = DoroWidgetExtensionExtension;
		};
		633D06432CA0659E00FD9070 /* PBXContainerItemProxy */ = {
			isa = PBXContainerItemProxy;
			containerPortal = 63C124C82B9EF93D000A6D35 /* Project object */;
			proxyType = 1;
			remoteGlobalIDString = 63C124CF2B9EF93D000A6D35;
			remoteInfo = Dorocat;
		};
		6352AFC92BF626A900929F47 /* PBXContainerItemProxy */ = {
			isa = PBXContainerItemProxy;
			containerPortal = 63C124C82B9EF93D000A6D35 /* Project object */;
			proxyType = 1;
			remoteGlobalIDString = 6352AFC22BF626A900929F47;
			remoteInfo = DorocatIntents;
		};
/* End PBXContainerItemProxy section */

/* Begin PBXCopyFilesBuildPhase section */
		632F53982BD7490900357C68 /* Embed Foundation Extensions */ = {
			isa = PBXCopyFilesBuildPhase;
			buildActionMask = 2147483647;
			dstPath = "";
			dstSubfolderSpec = 13;
			files = (
				632F53972BD7490900357C68 /* DoroWidgetExtensionExtension.appex in Embed Foundation Extensions */,
				6352AFCB2BF626A900929F47 /* DorocatIntents.appex in Embed Foundation Extensions */,
			);
			name = "Embed Foundation Extensions";
			runOnlyForDeploymentPostprocessing = 0;
		};
		6332FC3A2C0B83C100FBEBB1 /* Embed Frameworks */ = {
			isa = PBXCopyFilesBuildPhase;
			buildActionMask = 2147483647;
			dstPath = "";
			dstSubfolderSpec = 10;
			files = (
			);
			name = "Embed Frameworks";
			runOnlyForDeploymentPostprocessing = 0;
		};
/* End PBXCopyFilesBuildPhase section */

/* Begin PBXFileReference section */
		632F53852BD7490800357C68 /* DoroWidgetExtensionExtension.appex */ = {isa = PBXFileReference; explicitFileType = "wrapper.app-extension"; includeInIndex = 0; path = DoroWidgetExtensionExtension.appex; sourceTree = BUILT_PRODUCTS_DIR; };
		632F53872BD7490800357C68 /* WidgetKit.framework */ = {isa = PBXFileReference; lastKnownFileType = wrapper.framework; name = WidgetKit.framework; path = System/Library/Frameworks/WidgetKit.framework; sourceTree = SDKROOT; };
		632F53892BD7490800357C68 /* SwiftUI.framework */ = {isa = PBXFileReference; lastKnownFileType = wrapper.framework; name = SwiftUI.framework; path = System/Library/Frameworks/SwiftUI.framework; sourceTree = SDKROOT; };
		633D063F2CA0659E00FD9070 /* DorocatTests.xctest */ = {isa = PBXFileReference; explicitFileType = wrapper.cfbundle; includeInIndex = 0; path = DorocatTests.xctest; sourceTree = BUILT_PRODUCTS_DIR; };
		633D06412CA0659E00FD9070 /* DorocatTests.swift */ = {isa = PBXFileReference; lastKnownFileType = sourcecode.swift; path = DorocatTests.swift; sourceTree = "<group>"; };
		633FF07C2BDAB14B00D0F85F /* StoreKit.framework */ = {isa = PBXFileReference; lastKnownFileType = wrapper.framework; name = StoreKit.framework; path = System/Library/Frameworks/StoreKit.framework; sourceTree = SDKROOT; };
		6352AF7B2BF625D200929F47 /* Intents.framework */ = {isa = PBXFileReference; lastKnownFileType = wrapper.framework; name = Intents.framework; path = System/Library/Frameworks/Intents.framework; sourceTree = SDKROOT; };
		6352AF862BF625D200929F47 /* IntentsUI.framework */ = {isa = PBXFileReference; lastKnownFileType = wrapper.framework; name = IntentsUI.framework; path = System/Library/Frameworks/IntentsUI.framework; sourceTree = SDKROOT; };
		6352AFC32BF626A900929F47 /* DorocatIntents.appex */ = {isa = PBXFileReference; explicitFileType = "wrapper.app-extension"; includeInIndex = 0; path = DorocatIntents.appex; sourceTree = BUILT_PRODUCTS_DIR; };
		6352AFC62BF626A900929F47 /* IntentHandler.swift */ = {isa = PBXFileReference; lastKnownFileType = sourcecode.swift; path = IntentHandler.swift; sourceTree = "<group>"; };
		6352AFC82BF626A900929F47 /* Info.plist */ = {isa = PBXFileReference; lastKnownFileType = text.plist.xml; path = Info.plist; sourceTree = "<group>"; };
		638C92862C52AB5F00F62CA4 /* Dorocat.storekit */ = {isa = PBXFileReference; lastKnownFileType = text; path = Dorocat.storekit; sourceTree = "<group>"; };
		63C124D02B9EF93D000A6D35 /* Dorocat.app */ = {isa = PBXFileReference; explicitFileType = wrapper.application; includeInIndex = 0; path = Dorocat.app; sourceTree = BUILT_PRODUCTS_DIR; };
		63F88D332C1B5B2900A712AA /* DorocatMain.storekit */ = {isa = PBXFileReference; lastKnownFileType = text; path = DorocatMain.storekit; sourceTree = "<group>"; };
/* End PBXFileReference section */

/* Begin PBXFileSystemSynchronizedBuildFileExceptionSet section */
		630D3E932CDF8C4500561855 /* PBXFileSystemSynchronizedBuildFileExceptionSet */ = {
			isa = PBXFileSystemSynchronizedBuildFileExceptionSet;
			membershipExceptions = (
				"Feature/1. PomoTimer/1-0. PomoTimer/1. PomoTimerReducers/TimeFeature 기능 명세.md",
				Info.plist,
			);
			target = 63C124CF2B9EF93D000A6D35 /* Dorocat */;
		};
		630D3E942CDF8C4500561855 /* PBXFileSystemSynchronizedBuildFileExceptionSet */ = {
			isa = PBXFileSystemSynchronizedBuildFileExceptionSet;
			membershipExceptions = (
				Entity/Models/Menu/SessionItem.swift,
				Entity/Models/PomoAttributes.swift,
				Entity/Models/Types/CatType.swift,
				Entity/Models/Types/TimerActivityType.swift,
				Utility/Cores/ActivityIntentManager.swift,
				"Utility/Helpers/CustomUIs/Font+/FontCoordinator.swift",
			);
			target = 632F53842BD7490800357C68 /* DoroWidgetExtensionExtension */;
		};
		630D3E952CDF8C4500561855 /* PBXFileSystemSynchronizedBuildFileExceptionSet */ = {
			isa = PBXFileSystemSynchronizedBuildFileExceptionSet;
			membershipExceptions = (
				Entity/Models/Types/CatType.swift,
				Entity/Models/Types/TimerActivityType.swift,
				Utility/Cores/ActivityIntentManager.swift,
				"Utility/Helpers/CustomUIs/Font+/FontCoordinator.swift",
			);
			target = 6352AFC22BF626A900929F47 /* DorocatIntents */;
		};
		6333D4C62CDF94640005EA27 /* PBXFileSystemSynchronizedBuildFileExceptionSet */ = {
			isa = PBXFileSystemSynchronizedBuildFileExceptionSet;
			membershipExceptions = (
				Info.plist,
			);
			target = 632F53842BD7490800357C68 /* DoroWidgetExtensionExtension */;
		};
/* End PBXFileSystemSynchronizedBuildFileExceptionSet section */

/* Begin PBXFileSystemSynchronizedRootGroup section */
		630D3DEF2CDF8C4500561855 /* Dorocat */ = {isa = PBXFileSystemSynchronizedRootGroup; exceptions = (630D3E932CDF8C4500561855 /* PBXFileSystemSynchronizedBuildFileExceptionSet */, 630D3E942CDF8C4500561855 /* PBXFileSystemSynchronizedBuildFileExceptionSet */, 630D3E952CDF8C4500561855 /* PBXFileSystemSynchronizedBuildFileExceptionSet */, ); explicitFileTypes = {}; explicitFolders = (); path = Dorocat; sourceTree = "<group>"; };
		630D3E9A2CDF8C4900561855 /* App Intent */ = {isa = PBXFileSystemSynchronizedRootGroup; explicitFileTypes = {}; explicitFolders = (); path = "App Intent"; sourceTree = "<group>"; };
		6333D4A62CDF8D190005EA27 /* CoreDataEntities */ = {isa = PBXFileSystemSynchronizedRootGroup; explicitFileTypes = {}; explicitFolders = (); path = CoreDataEntities; sourceTree = "<group>"; };
		6333D4BE2CDF94640005EA27 /* DoroWidgetExtension */ = {isa = PBXFileSystemSynchronizedRootGroup; exceptions = (6333D4C62CDF94640005EA27 /* PBXFileSystemSynchronizedBuildFileExceptionSet */, ); explicitFileTypes = {}; explicitFolders = (); path = DoroWidgetExtension; sourceTree = "<group>"; };
/* End PBXFileSystemSynchronizedRootGroup section */

/* Begin PBXFrameworksBuildPhase section */
		632F53822BD7490800357C68 /* Frameworks */ = {
			isa = PBXFrameworksBuildPhase;
			buildActionMask = 2147483647;
			files = (
				632F538A2BD7490800357C68 /* SwiftUI.framework in Frameworks */,
				632F53882BD7490800357C68 /* WidgetKit.framework in Frameworks */,
				63085EC02CB54CF600F87662 /* DoroDesignSystem in Frameworks */,
			);
			runOnlyForDeploymentPostprocessing = 0;
		};
		633D063C2CA0659E00FD9070 /* Frameworks */ = {
			isa = PBXFrameworksBuildPhase;
			buildActionMask = 2147483647;
			files = (
			);
			runOnlyForDeploymentPostprocessing = 0;
		};
		6352AFC02BF626A900929F47 /* Frameworks */ = {
			isa = PBXFrameworksBuildPhase;
			buildActionMask = 2147483647;
			files = (
				6352AFC42BF626A900929F47 /* Intents.framework in Frameworks */,
			);
			runOnlyForDeploymentPostprocessing = 0;
		};
		63C124CD2B9EF93D000A6D35 /* Frameworks */ = {
			isa = PBXFrameworksBuildPhase;
			buildActionMask = 2147483647;
			files = (
				633FF07D2BDAB14B00D0F85F /* StoreKit.framework in Frameworks */,
				63860A502CB416B50058D4EE /* NotificationDependency in Frameworks */,
				63597A8C2C843A2C0003E880 /* FirebaseAnalyticsOnDeviceConversion in Frameworks */,
				63860A4A2CB415E80058D4EE /* NotificationDependency in Frameworks */,
				635BD55C2B9F5708004480D1 /* ComposableArchitecture in Frameworks */,
				63597A8E2C843A2C0003E880 /* FirebaseAnalyticsWithoutAdIdSupport in Frameworks */,
				63597A902C843A2C0003E880 /* FirebaseCrashlytics in Frameworks */,
				63597A8A2C843A2C0003E880 /* FirebaseAnalytics in Frameworks */,
				63CCAFA32BCD1E280045B2A0 /* Lottie in Frameworks */,
				63D0C3592CA037E300C4D315 /* GreemSwiftPackage in Frameworks */,
				63085EBE2CB54C9E00F87662 /* DoroDesignSystem in Frameworks */,
			);
			runOnlyForDeploymentPostprocessing = 0;
		};
/* End PBXFrameworksBuildPhase section */

/* Begin PBXGroup section */
		632F53862BD7490800357C68 /* Frameworks */ = {
			isa = PBXGroup;
			children = (
				633FF07C2BDAB14B00D0F85F /* StoreKit.framework */,
				632F53872BD7490800357C68 /* WidgetKit.framework */,
				632F53892BD7490800357C68 /* SwiftUI.framework */,
				6352AF7B2BF625D200929F47 /* Intents.framework */,
				6352AF862BF625D200929F47 /* IntentsUI.framework */,
			);
			name = Frameworks;
			sourceTree = "<group>";
		};
		633D06402CA0659E00FD9070 /* DorocatTests */ = {
			isa = PBXGroup;
			children = (
				633D06412CA0659E00FD9070 /* DorocatTests.swift */,
			);
			path = DorocatTests;
			sourceTree = "<group>";
		};
		6352AFC52BF626A900929F47 /* DorocatIntents */ = {
			isa = PBXGroup;
			children = (
				6352AFC62BF626A900929F47 /* IntentHandler.swift */,
				6352AFC82BF626A900929F47 /* Info.plist */,
			);
			path = DorocatIntents;
			sourceTree = "<group>";
		};
		63C124C72B9EF93D000A6D35 = {
			isa = PBXGroup;
			children = (
				6333D4A62CDF8D190005EA27 /* CoreDataEntities */,
				638C92862C52AB5F00F62CA4 /* Dorocat.storekit */,
				63F88D332C1B5B2900A712AA /* DorocatMain.storekit */,
				630D3E9A2CDF8C4900561855 /* App Intent */,
				630D3DEF2CDF8C4500561855 /* Dorocat */,
				6333D4BE2CDF94640005EA27 /* DoroWidgetExtension */,
				6352AFC52BF626A900929F47 /* DorocatIntents */,
				633D06402CA0659E00FD9070 /* DorocatTests */,
				632F53862BD7490800357C68 /* Frameworks */,
				63C124D12B9EF93D000A6D35 /* Products */,
			);
			sourceTree = "<group>";
		};
		63C124D12B9EF93D000A6D35 /* Products */ = {
			isa = PBXGroup;
			children = (
				63C124D02B9EF93D000A6D35 /* Dorocat.app */,
				632F53852BD7490800357C68 /* DoroWidgetExtensionExtension.appex */,
				6352AFC32BF626A900929F47 /* DorocatIntents.appex */,
				633D063F2CA0659E00FD9070 /* DorocatTests.xctest */,
			);
			name = Products;
			sourceTree = "<group>";
		};
/* End PBXGroup section */

/* Begin PBXNativeTarget section */
		632F53842BD7490800357C68 /* DoroWidgetExtensionExtension */ = {
			isa = PBXNativeTarget;
			buildConfigurationList = 632F539B2BD7490900357C68 /* Build configuration list for PBXNativeTarget "DoroWidgetExtensionExtension" */;
			buildPhases = (
				632F53812BD7490800357C68 /* Sources */,
				632F53822BD7490800357C68 /* Frameworks */,
				632F53832BD7490800357C68 /* Resources */,
			);
			buildRules = (
			);
			dependencies = (
			);
			fileSystemSynchronizedGroups = (
				630D3E9A2CDF8C4900561855 /* App Intent */,
				6333D4BE2CDF94640005EA27 /* DoroWidgetExtension */,
			);
			name = DoroWidgetExtensionExtension;
			productName = DoroWidgetExtensionExtension;
			productReference = 632F53852BD7490800357C68 /* DoroWidgetExtensionExtension.appex */;
			productType = "com.apple.product-type.app-extension";
		};
		633D063E2CA0659E00FD9070 /* DorocatTests */ = {
			isa = PBXNativeTarget;
			buildConfigurationList = 633D06472CA0659E00FD9070 /* Build configuration list for PBXNativeTarget "DorocatTests" */;
			buildPhases = (
				633D063B2CA0659E00FD9070 /* Sources */,
				633D063C2CA0659E00FD9070 /* Frameworks */,
				633D063D2CA0659E00FD9070 /* Resources */,
			);
			buildRules = (
			);
			dependencies = (
				633D06442CA0659E00FD9070 /* PBXTargetDependency */,
			);
			name = DorocatTests;
			productName = DorocatTests;
			productReference = 633D063F2CA0659E00FD9070 /* DorocatTests.xctest */;
			productType = "com.apple.product-type.bundle.unit-test";
		};
		6352AFC22BF626A900929F47 /* DorocatIntents */ = {
			isa = PBXNativeTarget;
			buildConfigurationList = 6352AFCC2BF626A900929F47 /* Build configuration list for PBXNativeTarget "DorocatIntents" */;
			buildPhases = (
				6352AFBF2BF626A900929F47 /* Sources */,
				6352AFC02BF626A900929F47 /* Frameworks */,
				6352AFC12BF626A900929F47 /* Resources */,
			);
			buildRules = (
			);
			dependencies = (
			);
			fileSystemSynchronizedGroups = (
				630D3E9A2CDF8C4900561855 /* App Intent */,
			);
			name = DorocatIntents;
			productName = DorocatIntents;
			productReference = 6352AFC32BF626A900929F47 /* DorocatIntents.appex */;
			productType = "com.apple.product-type.app-extension";
		};
		63C124CF2B9EF93D000A6D35 /* Dorocat */ = {
			isa = PBXNativeTarget;
			buildConfigurationList = 63C124DE2B9EF93D000A6D35 /* Build configuration list for PBXNativeTarget "Dorocat" */;
			buildPhases = (
				63C124CC2B9EF93D000A6D35 /* Sources */,
				63C124CD2B9EF93D000A6D35 /* Frameworks */,
				63C124CE2B9EF93D000A6D35 /* Resources */,
				632F53982BD7490900357C68 /* Embed Foundation Extensions */,
				6332FC3A2C0B83C100FBEBB1 /* Embed Frameworks */,
				63597A742C8420FA0003E880 /* Run Script */,
			);
			buildRules = (
			);
			dependencies = (
				632F53962BD7490900357C68 /* PBXTargetDependency */,
				6352AFCA2BF626A900929F47 /* PBXTargetDependency */,
			);
			fileSystemSynchronizedGroups = (
				630D3DEF2CDF8C4500561855 /* Dorocat */,
				630D3E9A2CDF8C4900561855 /* App Intent */,
				6333D4A62CDF8D190005EA27 /* CoreDataEntities */,
			);
			name = Dorocat;
			packageProductDependencies = (
				635BD55B2B9F5708004480D1 /* ComposableArchitecture */,
				63CCAFA22BCD1E280045B2A0 /* Lottie */,
				63597A892C843A2C0003E880 /* FirebaseAnalytics */,
				63597A8B2C843A2C0003E880 /* FirebaseAnalyticsOnDeviceConversion */,
				63597A8D2C843A2C0003E880 /* FirebaseAnalyticsWithoutAdIdSupport */,
				63597A8F2C843A2C0003E880 /* FirebaseCrashlytics */,
				63D0C3582CA037E300C4D315 /* GreemSwiftPackage */,
				63860A492CB415E80058D4EE /* NotificationDependency */,
				63860A4F2CB416B50058D4EE /* NotificationDependency */,
				63085EBD2CB54C9E00F87662 /* DoroDesignSystem */,
			);
			productName = Dorocat;
			productReference = 63C124D02B9EF93D000A6D35 /* Dorocat.app */;
			productType = "com.apple.product-type.application";
		};
/* End PBXNativeTarget section */

/* Begin PBXProject section */
		63C124C82B9EF93D000A6D35 /* Project object */ = {
			isa = PBXProject;
			attributes = {
				BuildIndependentTargetsInParallel = 1;
				LastSwiftUpdateCheck = 1540;
				LastUpgradeCheck = 1600;
				TargetAttributes = {
					632F53842BD7490800357C68 = {
						CreatedOnToolsVersion = 15.2;
					};
					633D063E2CA0659E00FD9070 = {
						CreatedOnToolsVersion = 15.4;
						TestTargetID = 63C124CF2B9EF93D000A6D35;
					};
					6352AFC22BF626A900929F47 = {
						CreatedOnToolsVersion = 15.2;
					};
					63C124CF2B9EF93D000A6D35 = {
						CreatedOnToolsVersion = 15.2;
					};
				};
			};
			buildConfigurationList = 63C124CB2B9EF93D000A6D35 /* Build configuration list for PBXProject "Dorocat" */;
			compatibilityVersion = "Xcode 14.0";
			developmentRegion = en;
			hasScannedForEncodings = 0;
			knownRegions = (
				en,
				ko,
				Base,
			);
			mainGroup = 63C124C72B9EF93D000A6D35;
			packageReferences = (
				635BD55A2B9F5708004480D1 /* XCRemoteSwiftPackageReference "swift-composable-architecture" */,
				63CCAFA12BCD1E280045B2A0 /* XCRemoteSwiftPackageReference "lottie-ios" */,
				63597A882C843A2C0003E880 /* XCRemoteSwiftPackageReference "firebase-ios-sdk" */,
				63D0C3572CA037E300C4D315 /* XCRemoteSwiftPackageReference "GreemSwiftPackage" */,
				63860A4E2CB416B50058D4EE /* XCLocalSwiftPackageReference "../ProjectPackages/DoroDependencies" */,
				63085EBC2CB54C9E00F87662 /* XCLocalSwiftPackageReference "DoroDesignSystemPackage" */,
			);
			productRefGroup = 63C124D12B9EF93D000A6D35 /* Products */;
			projectDirPath = "";
			projectRoot = "";
			targets = (
				63C124CF2B9EF93D000A6D35 /* Dorocat */,
				632F53842BD7490800357C68 /* DoroWidgetExtensionExtension */,
				6352AFC22BF626A900929F47 /* DorocatIntents */,
				633D063E2CA0659E00FD9070 /* DorocatTests */,
			);
		};
/* End PBXProject section */

/* Begin PBXResourcesBuildPhase section */
		632F53832BD7490800357C68 /* Resources */ = {
			isa = PBXResourcesBuildPhase;
			buildActionMask = 2147483647;
			files = (
			);
			runOnlyForDeploymentPostprocessing = 0;
		};
		633D063D2CA0659E00FD9070 /* Resources */ = {
			isa = PBXResourcesBuildPhase;
			buildActionMask = 2147483647;
			files = (
			);
			runOnlyForDeploymentPostprocessing = 0;
		};
		6352AFC12BF626A900929F47 /* Resources */ = {
			isa = PBXResourcesBuildPhase;
			buildActionMask = 2147483647;
			files = (
			);
			runOnlyForDeploymentPostprocessing = 0;
		};
		63C124CE2B9EF93D000A6D35 /* Resources */ = {
			isa = PBXResourcesBuildPhase;
			buildActionMask = 2147483647;
			files = (
				638C92872C52AB5F00F62CA4 /* Dorocat.storekit in Resources */,
			);
			runOnlyForDeploymentPostprocessing = 0;
		};
/* End PBXResourcesBuildPhase section */

/* Begin PBXShellScriptBuildPhase section */
		63597A742C8420FA0003E880 /* Run Script */ = {
			isa = PBXShellScriptBuildPhase;
			buildActionMask = 12;
			files = (
			);
			inputFileListPaths = (
			);
			inputPaths = (
				"${DWARF_DSYM_FOLDER_PATH}/${DWARF_DSYM_FILE_NAME}",
				"${DWARF_DSYM_FOLDER_PATH}/${DWARF_DSYM_FILE_NAME}/Contents/Resources/DWARF/${PRODUCT_NAME}",
				"${DWARF_DSYM_FOLDER_PATH}/${DWARF_DSYM_FILE_NAME}/Contents/Info.plist",
				"$(TARGET_BUILD_DIR)/$(UNLOCALIZED_RESOURCES_FOLDER_PATH)/GoogleService-Info.plist",
				"$(TARGET_BUILD_DIR)/$(EXECUTABLE_PATH)",
			);
			name = "Run Script";
			outputFileListPaths = (
			);
			outputPaths = (
			);
			runOnlyForDeploymentPostprocessing = 0;
			shellPath = /bin/sh;
			shellScript = "# Type a script or drag a script file from your workspace to insert its path.\n\"${BUILD_DIR%/Build/*}/SourcePackages/checkouts/firebase-ios-sdk/Crashlytics/run\"\n";
		};
/* End PBXShellScriptBuildPhase section */

/* Begin PBXSourcesBuildPhase section */
		632F53812BD7490800357C68 /* Sources */ = {
			isa = PBXSourcesBuildPhase;
			buildActionMask = 2147483647;
			files = (
			);
			runOnlyForDeploymentPostprocessing = 0;
		};
		633D063B2CA0659E00FD9070 /* Sources */ = {
			isa = PBXSourcesBuildPhase;
			buildActionMask = 2147483647;
			files = (
				633D06422CA0659E00FD9070 /* DorocatTests.swift in Sources */,
			);
			runOnlyForDeploymentPostprocessing = 0;
		};
		6352AFBF2BF626A900929F47 /* Sources */ = {
			isa = PBXSourcesBuildPhase;
			buildActionMask = 2147483647;
			files = (
				6352AFC72BF626A900929F47 /* IntentHandler.swift in Sources */,
			);
			runOnlyForDeploymentPostprocessing = 0;
		};
		63C124CC2B9EF93D000A6D35 /* Sources */ = {
			isa = PBXSourcesBuildPhase;
			buildActionMask = 2147483647;
			files = (
			);
			runOnlyForDeploymentPostprocessing = 0;
		};
/* End PBXSourcesBuildPhase section */

/* Begin PBXTargetDependency section */
		632F53962BD7490900357C68 /* PBXTargetDependency */ = {
			isa = PBXTargetDependency;
			target = 632F53842BD7490800357C68 /* DoroWidgetExtensionExtension */;
			targetProxy = 632F53952BD7490900357C68 /* PBXContainerItemProxy */;
		};
		633D06442CA0659E00FD9070 /* PBXTargetDependency */ = {
			isa = PBXTargetDependency;
			target = 63C124CF2B9EF93D000A6D35 /* Dorocat */;
			targetProxy = 633D06432CA0659E00FD9070 /* PBXContainerItemProxy */;
		};
		6352AFCA2BF626A900929F47 /* PBXTargetDependency */ = {
			isa = PBXTargetDependency;
			target = 6352AFC22BF626A900929F47 /* DorocatIntents */;
			targetProxy = 6352AFC92BF626A900929F47 /* PBXContainerItemProxy */;
		};
/* End PBXTargetDependency section */

/* Begin XCBuildConfiguration section */
		632F53992BD7490900357C68 /* Debug */ = {
			isa = XCBuildConfiguration;
			buildSettings = {
				ASSETCATALOG_COMPILER_GLOBAL_ACCENT_COLOR_NAME = AccentColor;
				ASSETCATALOG_COMPILER_WIDGET_BACKGROUND_COLOR_NAME = WidgetBackground;
				CODE_SIGN_STYLE = Automatic;
				CURRENT_PROJECT_VERSION = 1;
				DEVELOPMENT_TEAM = 3W9F68ZTUJ;
				GENERATE_INFOPLIST_FILE = YES;
				INFOPLIST_FILE = DoroWidgetExtension/Info.plist;
				INFOPLIST_KEY_CFBundleDisplayName = DoroWidgetExtension;
				INFOPLIST_KEY_NSHumanReadableCopyright = "";
				LD_RUNPATH_SEARCH_PATHS = (
					"$(inherited)",
					"@executable_path/Frameworks",
					"@executable_path/../../Frameworks",
				);
				MARKETING_VERSION = 1.0;
				PRODUCT_BUNDLE_IDENTIFIER = com.tistory.arpple.Dorocat.WidgetExtension;
				PRODUCT_NAME = "$(TARGET_NAME)";
				SKIP_INSTALL = YES;
				SWIFT_EMIT_LOC_STRINGS = YES;
				SWIFT_VERSION = 5.0;
				TARGETED_DEVICE_FAMILY = "1,2";
			};
			name = Debug;
		};
		632F539A2BD7490900357C68 /* Release */ = {
			isa = XCBuildConfiguration;
			buildSettings = {
				ASSETCATALOG_COMPILER_GLOBAL_ACCENT_COLOR_NAME = AccentColor;
				ASSETCATALOG_COMPILER_WIDGET_BACKGROUND_COLOR_NAME = WidgetBackground;
				CODE_SIGN_STYLE = Automatic;
				CURRENT_PROJECT_VERSION = 1;
				DEVELOPMENT_TEAM = 3W9F68ZTUJ;
				GENERATE_INFOPLIST_FILE = YES;
				INFOPLIST_FILE = DoroWidgetExtension/Info.plist;
				INFOPLIST_KEY_CFBundleDisplayName = DoroWidgetExtension;
				INFOPLIST_KEY_NSHumanReadableCopyright = "";
				LD_RUNPATH_SEARCH_PATHS = (
					"$(inherited)",
					"@executable_path/Frameworks",
					"@executable_path/../../Frameworks",
				);
				MARKETING_VERSION = 1.0;
				PRODUCT_BUNDLE_IDENTIFIER = com.tistory.arpple.Dorocat.WidgetExtension;
				PRODUCT_NAME = "$(TARGET_NAME)";
				SKIP_INSTALL = YES;
				SWIFT_EMIT_LOC_STRINGS = YES;
				SWIFT_VERSION = 5.0;
				TARGETED_DEVICE_FAMILY = "1,2";
			};
			name = Release;
		};
		633D06452CA0659E00FD9070 /* Debug */ = {
			isa = XCBuildConfiguration;
			buildSettings = {
				BUNDLE_LOADER = "$(TEST_HOST)";
				CODE_SIGN_STYLE = Automatic;
				CURRENT_PROJECT_VERSION = 1;
				DEVELOPMENT_TEAM = 3W9F68ZTUJ;
				GENERATE_INFOPLIST_FILE = YES;
				IPHONEOS_DEPLOYMENT_TARGET = 17.0;
				MARKETING_VERSION = 1.0;
				PRODUCT_BUNDLE_IDENTIFIER = com.arpple.tistory.DorocatTests;
				PRODUCT_NAME = "$(TARGET_NAME)";
				SWIFT_EMIT_LOC_STRINGS = NO;
				SWIFT_VERSION = 5.0;
				TARGETED_DEVICE_FAMILY = "1,2";
				TEST_HOST = "$(BUILT_PRODUCTS_DIR)/Dorocat.app/$(BUNDLE_EXECUTABLE_FOLDER_PATH)/Dorocat";
			};
			name = Debug;
		};
		633D06462CA0659E00FD9070 /* Release */ = {
			isa = XCBuildConfiguration;
			buildSettings = {
				BUNDLE_LOADER = "$(TEST_HOST)";
				CODE_SIGN_STYLE = Automatic;
				CURRENT_PROJECT_VERSION = 1;
				DEVELOPMENT_TEAM = 3W9F68ZTUJ;
				GENERATE_INFOPLIST_FILE = YES;
				IPHONEOS_DEPLOYMENT_TARGET = 17.0;
				MARKETING_VERSION = 1.0;
				PRODUCT_BUNDLE_IDENTIFIER = com.arpple.tistory.DorocatTests;
				PRODUCT_NAME = "$(TARGET_NAME)";
				SWIFT_EMIT_LOC_STRINGS = NO;
				SWIFT_VERSION = 5.0;
				TARGETED_DEVICE_FAMILY = "1,2";
				TEST_HOST = "$(BUILT_PRODUCTS_DIR)/Dorocat.app/$(BUNDLE_EXECUTABLE_FOLDER_PATH)/Dorocat";
			};
			name = Release;
		};
		6352AFCD2BF626A900929F47 /* Debug */ = {
			isa = XCBuildConfiguration;
			buildSettings = {
				CODE_SIGN_STYLE = Automatic;
				CURRENT_PROJECT_VERSION = 1;
				DEVELOPMENT_TEAM = 3W9F68ZTUJ;
				GENERATE_INFOPLIST_FILE = YES;
				INFOPLIST_FILE = DorocatIntents/Info.plist;
				INFOPLIST_KEY_CFBundleDisplayName = DorocatIntents;
				INFOPLIST_KEY_NSHumanReadableCopyright = "";
				LD_RUNPATH_SEARCH_PATHS = (
					"$(inherited)",
					"@executable_path/Frameworks",
					"@executable_path/../../Frameworks",
				);
				MARKETING_VERSION = 1.0;
				PRODUCT_BUNDLE_IDENTIFIER = com.tistory.arpple.Dorocat.Intents;
				PRODUCT_NAME = "$(TARGET_NAME)";
				SKIP_INSTALL = YES;
				SWIFT_EMIT_LOC_STRINGS = YES;
				SWIFT_VERSION = 5.0;
				TARGETED_DEVICE_FAMILY = "1,2";
			};
			name = Debug;
		};
		6352AFCE2BF626A900929F47 /* Release */ = {
			isa = XCBuildConfiguration;
			buildSettings = {
				CODE_SIGN_STYLE = Automatic;
				CURRENT_PROJECT_VERSION = 1;
				DEVELOPMENT_TEAM = 3W9F68ZTUJ;
				GENERATE_INFOPLIST_FILE = YES;
				INFOPLIST_FILE = DorocatIntents/Info.plist;
				INFOPLIST_KEY_CFBundleDisplayName = DorocatIntents;
				INFOPLIST_KEY_NSHumanReadableCopyright = "";
				LD_RUNPATH_SEARCH_PATHS = (
					"$(inherited)",
					"@executable_path/Frameworks",
					"@executable_path/../../Frameworks",
				);
				MARKETING_VERSION = 1.0;
				PRODUCT_BUNDLE_IDENTIFIER = com.tistory.arpple.Dorocat.Intents;
				PRODUCT_NAME = "$(TARGET_NAME)";
				SKIP_INSTALL = YES;
				SWIFT_EMIT_LOC_STRINGS = YES;
				SWIFT_VERSION = 5.0;
				TARGETED_DEVICE_FAMILY = "1,2";
			};
			name = Release;
		};
		63C124DC2B9EF93D000A6D35 /* Debug */ = {
			isa = XCBuildConfiguration;
			buildSettings = {
				ALWAYS_SEARCH_USER_PATHS = NO;
				ASSETCATALOG_COMPILER_GENERATE_SWIFT_ASSET_SYMBOL_EXTENSIONS = YES;
				CLANG_ANALYZER_LOCALIZABILITY_NONLOCALIZED = YES;
				CLANG_ANALYZER_NONNULL = YES;
				CLANG_ANALYZER_NUMBER_OBJECT_CONVERSION = YES_AGGRESSIVE;
				CLANG_CXX_LANGUAGE_STANDARD = "gnu++20";
				CLANG_ENABLE_MODULES = YES;
				CLANG_ENABLE_OBJC_ARC = YES;
				CLANG_ENABLE_OBJC_WEAK = YES;
				CLANG_WARN_BLOCK_CAPTURE_AUTORELEASING = YES;
				CLANG_WARN_BOOL_CONVERSION = YES;
				CLANG_WARN_COMMA = YES;
				CLANG_WARN_CONSTANT_CONVERSION = YES;
				CLANG_WARN_DEPRECATED_OBJC_IMPLEMENTATIONS = YES;
				CLANG_WARN_DIRECT_OBJC_ISA_USAGE = YES_ERROR;
				CLANG_WARN_DOCUMENTATION_COMMENTS = YES;
				CLANG_WARN_EMPTY_BODY = YES;
				CLANG_WARN_ENUM_CONVERSION = YES;
				CLANG_WARN_INFINITE_RECURSION = YES;
				CLANG_WARN_INT_CONVERSION = YES;
				CLANG_WARN_NON_LITERAL_NULL_CONVERSION = YES;
				CLANG_WARN_OBJC_IMPLICIT_RETAIN_SELF = YES;
				CLANG_WARN_OBJC_LITERAL_CONVERSION = YES;
				CLANG_WARN_OBJC_ROOT_CLASS = YES_ERROR;
				CLANG_WARN_QUOTED_INCLUDE_IN_FRAMEWORK_HEADER = YES;
				CLANG_WARN_RANGE_LOOP_ANALYSIS = YES;
				CLANG_WARN_STRICT_PROTOTYPES = YES;
				CLANG_WARN_SUSPICIOUS_MOVE = YES;
				CLANG_WARN_UNGUARDED_AVAILABILITY = YES_AGGRESSIVE;
				CLANG_WARN_UNREACHABLE_CODE = YES;
				CLANG_WARN__DUPLICATE_METHOD_MATCH = YES;
				COPY_PHASE_STRIP = NO;
				DEBUG_INFORMATION_FORMAT = dwarf;
				ENABLE_STRICT_OBJC_MSGSEND = YES;
				ENABLE_TESTABILITY = YES;
				ENABLE_USER_SCRIPT_SANDBOXING = YES;
				GCC_C_LANGUAGE_STANDARD = gnu17;
				GCC_DYNAMIC_NO_PIC = NO;
				GCC_NO_COMMON_BLOCKS = YES;
				GCC_OPTIMIZATION_LEVEL = 0;
				GCC_PREPROCESSOR_DEFINITIONS = (
					"DEBUG=1",
					"$(inherited)",
				);
				GCC_WARN_64_TO_32_BIT_CONVERSION = YES;
				GCC_WARN_ABOUT_RETURN_TYPE = YES_ERROR;
				GCC_WARN_UNDECLARED_SELECTOR = YES;
				GCC_WARN_UNINITIALIZED_AUTOS = YES_AGGRESSIVE;
				GCC_WARN_UNUSED_FUNCTION = YES;
				GCC_WARN_UNUSED_VARIABLE = YES;
				IPHONEOS_DEPLOYMENT_TARGET = 17.0;
				LOCALIZATION_PREFERS_STRING_CATALOGS = YES;
				MTL_ENABLE_DEBUG_INFO = INCLUDE_SOURCE;
				MTL_FAST_MATH = YES;
				ONLY_ACTIVE_ARCH = YES;
				SDKROOT = iphoneos;
				SWIFT_ACTIVE_COMPILATION_CONDITIONS = "DEBUG $(inherited)";
				SWIFT_OPTIMIZATION_LEVEL = "-Onone";
			};
			name = Debug;
		};
		63C124DD2B9EF93D000A6D35 /* Release */ = {
			isa = XCBuildConfiguration;
			buildSettings = {
				ALWAYS_SEARCH_USER_PATHS = NO;
				ASSETCATALOG_COMPILER_GENERATE_SWIFT_ASSET_SYMBOL_EXTENSIONS = YES;
				CLANG_ANALYZER_LOCALIZABILITY_NONLOCALIZED = YES;
				CLANG_ANALYZER_NONNULL = YES;
				CLANG_ANALYZER_NUMBER_OBJECT_CONVERSION = YES_AGGRESSIVE;
				CLANG_CXX_LANGUAGE_STANDARD = "gnu++20";
				CLANG_ENABLE_MODULES = YES;
				CLANG_ENABLE_OBJC_ARC = YES;
				CLANG_ENABLE_OBJC_WEAK = YES;
				CLANG_WARN_BLOCK_CAPTURE_AUTORELEASING = YES;
				CLANG_WARN_BOOL_CONVERSION = YES;
				CLANG_WARN_COMMA = YES;
				CLANG_WARN_CONSTANT_CONVERSION = YES;
				CLANG_WARN_DEPRECATED_OBJC_IMPLEMENTATIONS = YES;
				CLANG_WARN_DIRECT_OBJC_ISA_USAGE = YES_ERROR;
				CLANG_WARN_DOCUMENTATION_COMMENTS = YES;
				CLANG_WARN_EMPTY_BODY = YES;
				CLANG_WARN_ENUM_CONVERSION = YES;
				CLANG_WARN_INFINITE_RECURSION = YES;
				CLANG_WARN_INT_CONVERSION = YES;
				CLANG_WARN_NON_LITERAL_NULL_CONVERSION = YES;
				CLANG_WARN_OBJC_IMPLICIT_RETAIN_SELF = YES;
				CLANG_WARN_OBJC_LITERAL_CONVERSION = YES;
				CLANG_WARN_OBJC_ROOT_CLASS = YES_ERROR;
				CLANG_WARN_QUOTED_INCLUDE_IN_FRAMEWORK_HEADER = YES;
				CLANG_WARN_RANGE_LOOP_ANALYSIS = YES;
				CLANG_WARN_STRICT_PROTOTYPES = YES;
				CLANG_WARN_SUSPICIOUS_MOVE = YES;
				CLANG_WARN_UNGUARDED_AVAILABILITY = YES_AGGRESSIVE;
				CLANG_WARN_UNREACHABLE_CODE = YES;
				CLANG_WARN__DUPLICATE_METHOD_MATCH = YES;
				COPY_PHASE_STRIP = NO;
				DEBUG_INFORMATION_FORMAT = "dwarf-with-dsym";
				ENABLE_NS_ASSERTIONS = NO;
				ENABLE_STRICT_OBJC_MSGSEND = YES;
				ENABLE_USER_SCRIPT_SANDBOXING = YES;
				GCC_C_LANGUAGE_STANDARD = gnu17;
				GCC_NO_COMMON_BLOCKS = YES;
				GCC_WARN_64_TO_32_BIT_CONVERSION = YES;
				GCC_WARN_ABOUT_RETURN_TYPE = YES_ERROR;
				GCC_WARN_UNDECLARED_SELECTOR = YES;
				GCC_WARN_UNINITIALIZED_AUTOS = YES_AGGRESSIVE;
				GCC_WARN_UNUSED_FUNCTION = YES;
				GCC_WARN_UNUSED_VARIABLE = YES;
				IPHONEOS_DEPLOYMENT_TARGET = 17.0;
				LOCALIZATION_PREFERS_STRING_CATALOGS = YES;
				MTL_ENABLE_DEBUG_INFO = NO;
				MTL_FAST_MATH = YES;
				SDKROOT = iphoneos;
				SWIFT_COMPILATION_MODE = wholemodule;
				VALIDATE_PRODUCT = YES;
			};
			name = Release;
		};
		63C124DF2B9EF93D000A6D35 /* Debug */ = {
			isa = XCBuildConfiguration;
			buildSettings = {
				ASSETCATALOG_COMPILER_ALTERNATE_APPICON_NAMES = "pomo_appIcon muya_appIcon monet_appIcon doro_appIcon";
				ASSETCATALOG_COMPILER_APPICON_NAME = AppIcon;
				ASSETCATALOG_COMPILER_GLOBAL_ACCENT_COLOR_NAME = AccentColor;
				ASSETCATALOG_COMPILER_INCLUDE_ALL_APPICON_ASSETS = YES;
				CODE_SIGN_ENTITLEMENTS = Dorocat/Dorocat.entitlements;
				CODE_SIGN_STYLE = Automatic;
				CURRENT_PROJECT_VERSION = 1;
				DEBUG_INFORMATION_FORMAT = "dwarf-with-dsym";
				DEVELOPMENT_ASSET_PATHS = "\"Dorocat/App/Resource/Preview Content\"";
				DEVELOPMENT_TEAM = 3W9F68ZTUJ;
				ENABLE_PREVIEWS = YES;
				EXCLUDED_ARCHS = "";
				GENERATE_INFOPLIST_FILE = YES;
				INFOPLIST_FILE = Dorocat/Info.plist;
				INFOPLIST_KEY_LSApplicationCategoryType = "public.app-category.productivity";
				INFOPLIST_KEY_NSSupportsLiveActivities = YES;
				INFOPLIST_KEY_UIApplicationSceneManifest_Generation = YES;
				INFOPLIST_KEY_UIApplicationSupportsIndirectInputEvents = YES;
				INFOPLIST_KEY_UILaunchScreen_Generation = YES;
				INFOPLIST_KEY_UIRequiresFullScreen = NO;
				INFOPLIST_KEY_UIStatusBarStyle = UIStatusBarStyleDarkContent;
				INFOPLIST_KEY_UISupportedInterfaceOrientations = UIInterfaceOrientationPortrait;
				INFOPLIST_KEY_UISupportedInterfaceOrientations_iPad = "UIInterfaceOrientationLandscapeLeft UIInterfaceOrientationLandscapeRight UIInterfaceOrientationPortrait UIInterfaceOrientationPortraitUpsideDown";
				INFOPLIST_KEY_UIUserInterfaceStyle = Dark;
				IPHONEOS_DEPLOYMENT_TARGET = 17.0;
				LD_RUNPATH_SEARCH_PATHS = (
					"$(inherited)",
					"@executable_path/Frameworks",
				);
				MARKETING_VERSION = 1.2.0;
				PRODUCT_BUNDLE_IDENTIFIER = com.tistory.arpple.Dorocat;
				PRODUCT_NAME = "$(TARGET_NAME)";
				SUPPORTED_PLATFORMS = "iphoneos iphonesimulator";
				SUPPORTS_MACCATALYST = NO;
				SUPPORTS_MAC_DESIGNED_FOR_IPHONE_IPAD = YES;
				SUPPORTS_XR_DESIGNED_FOR_IPHONE_IPAD = NO;
				SWIFT_EMIT_LOC_STRINGS = YES;
				SWIFT_VERSION = 5.0;
				TARGETED_DEVICE_FAMILY = "1,2";
			};
			name = Debug;
		};
		63C124E02B9EF93D000A6D35 /* Release */ = {
			isa = XCBuildConfiguration;
			buildSettings = {
				ASSETCATALOG_COMPILER_ALTERNATE_APPICON_NAMES = "pomo_appIcon muya_appIcon monet_appIcon doro_appIcon";
				ASSETCATALOG_COMPILER_APPICON_NAME = AppIcon;
				ASSETCATALOG_COMPILER_GLOBAL_ACCENT_COLOR_NAME = AccentColor;
				ASSETCATALOG_COMPILER_INCLUDE_ALL_APPICON_ASSETS = YES;
				CODE_SIGN_ENTITLEMENTS = Dorocat/Dorocat.entitlements;
				CODE_SIGN_STYLE = Automatic;
				CURRENT_PROJECT_VERSION = 1;
				DEVELOPMENT_ASSET_PATHS = "\"Dorocat/App/Resource/Preview Content\"";
				DEVELOPMENT_TEAM = 3W9F68ZTUJ;
				ENABLE_PREVIEWS = YES;
				EXCLUDED_ARCHS = "";
				GENERATE_INFOPLIST_FILE = YES;
				INFOPLIST_FILE = Dorocat/Info.plist;
				INFOPLIST_KEY_LSApplicationCategoryType = "public.app-category.productivity";
				INFOPLIST_KEY_NSSupportsLiveActivities = YES;
				INFOPLIST_KEY_UIApplicationSceneManifest_Generation = YES;
				INFOPLIST_KEY_UIApplicationSupportsIndirectInputEvents = YES;
				INFOPLIST_KEY_UILaunchScreen_Generation = YES;
				INFOPLIST_KEY_UIRequiresFullScreen = NO;
				INFOPLIST_KEY_UIStatusBarStyle = UIStatusBarStyleDarkContent;
				INFOPLIST_KEY_UISupportedInterfaceOrientations = UIInterfaceOrientationPortrait;
				INFOPLIST_KEY_UISupportedInterfaceOrientations_iPad = "UIInterfaceOrientationLandscapeLeft UIInterfaceOrientationLandscapeRight UIInterfaceOrientationPortrait UIInterfaceOrientationPortraitUpsideDown";
				INFOPLIST_KEY_UIUserInterfaceStyle = Dark;
				IPHONEOS_DEPLOYMENT_TARGET = 17.0;
				LD_RUNPATH_SEARCH_PATHS = (
					"$(inherited)",
					"@executable_path/Frameworks",
				);
				MARKETING_VERSION = 1.2.0;
				PRODUCT_BUNDLE_IDENTIFIER = com.tistory.arpple.Dorocat;
				PRODUCT_NAME = "$(TARGET_NAME)";
				SUPPORTED_PLATFORMS = "iphoneos iphonesimulator";
				SUPPORTS_MACCATALYST = NO;
				SUPPORTS_MAC_DESIGNED_FOR_IPHONE_IPAD = YES;
				SUPPORTS_XR_DESIGNED_FOR_IPHONE_IPAD = NO;
				SWIFT_EMIT_LOC_STRINGS = YES;
				SWIFT_VERSION = 5.0;
				TARGETED_DEVICE_FAMILY = "1,2";
			};
			name = Release;
		};
/* End XCBuildConfiguration section */

/* Begin XCConfigurationList section */
		632F539B2BD7490900357C68 /* Build configuration list for PBXNativeTarget "DoroWidgetExtensionExtension" */ = {
			isa = XCConfigurationList;
			buildConfigurations = (
				632F53992BD7490900357C68 /* Debug */,
				632F539A2BD7490900357C68 /* Release */,
			);
			defaultConfigurationIsVisible = 0;
			defaultConfigurationName = Release;
		};
		633D06472CA0659E00FD9070 /* Build configuration list for PBXNativeTarget "DorocatTests" */ = {
			isa = XCConfigurationList;
			buildConfigurations = (
				633D06452CA0659E00FD9070 /* Debug */,
				633D06462CA0659E00FD9070 /* Release */,
			);
			defaultConfigurationIsVisible = 0;
			defaultConfigurationName = Release;
		};
		6352AFCC2BF626A900929F47 /* Build configuration list for PBXNativeTarget "DorocatIntents" */ = {
			isa = XCConfigurationList;
			buildConfigurations = (
				6352AFCD2BF626A900929F47 /* Debug */,
				6352AFCE2BF626A900929F47 /* Release */,
			);
			defaultConfigurationIsVisible = 0;
			defaultConfigurationName = Release;
		};
		63C124CB2B9EF93D000A6D35 /* Build configuration list for PBXProject "Dorocat" */ = {
			isa = XCConfigurationList;
			buildConfigurations = (
				63C124DC2B9EF93D000A6D35 /* Debug */,
				63C124DD2B9EF93D000A6D35 /* Release */,
			);
			defaultConfigurationIsVisible = 0;
			defaultConfigurationName = Release;
		};
		63C124DE2B9EF93D000A6D35 /* Build configuration list for PBXNativeTarget "Dorocat" */ = {
			isa = XCConfigurationList;
			buildConfigurations = (
				63C124DF2B9EF93D000A6D35 /* Debug */,
				63C124E02B9EF93D000A6D35 /* Release */,
			);
			defaultConfigurationIsVisible = 0;
			defaultConfigurationName = Release;
		};
/* End XCConfigurationList section */

/* Begin XCLocalSwiftPackageReference section */
		63085EBC2CB54C9E00F87662 /* XCLocalSwiftPackageReference "DoroDesignSystemPackage" */ = {
			isa = XCLocalSwiftPackageReference;
			relativePath = DoroDesignSystemPackage;
		};
		63860A4E2CB416B50058D4EE /* XCLocalSwiftPackageReference "../ProjectPackages/DoroDependencies" */ = {
			isa = XCLocalSwiftPackageReference;
			relativePath = ../ProjectPackages/DoroDependencies;
		};
/* End XCLocalSwiftPackageReference section */

/* Begin XCRemoteSwiftPackageReference section */
		63597A882C843A2C0003E880 /* XCRemoteSwiftPackageReference "firebase-ios-sdk" */ = {
			isa = XCRemoteSwiftPackageReference;
			repositoryURL = "https://github.com/firebase/firebase-ios-sdk";
			requirement = {
				kind = upToNextMajorVersion;
				minimumVersion = 11.0.0;
			};
		};
		635BD55A2B9F5708004480D1 /* XCRemoteSwiftPackageReference "swift-composable-architecture" */ = {
			isa = XCRemoteSwiftPackageReference;
			repositoryURL = "https://github.com/pointfreeco/swift-composable-architecture.git";
			requirement = {
				kind = upToNextMajorVersion;
				minimumVersion = 1.9.2;
			};
		};
		63CCAFA12BCD1E280045B2A0 /* XCRemoteSwiftPackageReference "lottie-ios" */ = {
			isa = XCRemoteSwiftPackageReference;
			repositoryURL = "https://github.com/airbnb/lottie-ios.git";
			requirement = {
				kind = upToNextMajorVersion;
				minimumVersion = 4.4.2;
			};
		};
		63D0C3572CA037E300C4D315 /* XCRemoteSwiftPackageReference "GreemSwiftPackage" */ = {
			isa = XCRemoteSwiftPackageReference;
			repositoryURL = "https://github.com/TaeYoon17/GreemSwiftPackage.git";
			requirement = {
				branch = main;
				kind = branch;
			};
		};
/* End XCRemoteSwiftPackageReference section */

/* Begin XCSwiftPackageProductDependency section */
		63085EBD2CB54C9E00F87662 /* DoroDesignSystem */ = {
			isa = XCSwiftPackageProductDependency;
			productName = DoroDesignSystem;
		};
		63085EBF2CB54CF600F87662 /* DoroDesignSystem */ = {
			isa = XCSwiftPackageProductDependency;
			package = 63085EBC2CB54C9E00F87662 /* XCLocalSwiftPackageReference "DoroDesignSystemPackage" */;
			productName = DoroDesignSystem;
		};
		63597A892C843A2C0003E880 /* FirebaseAnalytics */ = {
			isa = XCSwiftPackageProductDependency;
			package = 63597A882C843A2C0003E880 /* XCRemoteSwiftPackageReference "firebase-ios-sdk" */;
			productName = FirebaseAnalytics;
		};
		63597A8B2C843A2C0003E880 /* FirebaseAnalyticsOnDeviceConversion */ = {
			isa = XCSwiftPackageProductDependency;
			package = 63597A882C843A2C0003E880 /* XCRemoteSwiftPackageReference "firebase-ios-sdk" */;
			productName = FirebaseAnalyticsOnDeviceConversion;
		};
		63597A8D2C843A2C0003E880 /* FirebaseAnalyticsWithoutAdIdSupport */ = {
			isa = XCSwiftPackageProductDependency;
			package = 63597A882C843A2C0003E880 /* XCRemoteSwiftPackageReference "firebase-ios-sdk" */;
			productName = FirebaseAnalyticsWithoutAdIdSupport;
		};
		63597A8F2C843A2C0003E880 /* FirebaseCrashlytics */ = {
			isa = XCSwiftPackageProductDependency;
			package = 63597A882C843A2C0003E880 /* XCRemoteSwiftPackageReference "firebase-ios-sdk" */;
			productName = FirebaseCrashlytics;
		};
		635BD55B2B9F5708004480D1 /* ComposableArchitecture */ = {
			isa = XCSwiftPackageProductDependency;
			package = 635BD55A2B9F5708004480D1 /* XCRemoteSwiftPackageReference "swift-composable-architecture" */;
			productName = ComposableArchitecture;
		};
		63860A492CB415E80058D4EE /* NotificationDependency */ = {
			isa = XCSwiftPackageProductDependency;
			productName = NotificationDependency;
		};
		63860A4F2CB416B50058D4EE /* NotificationDependency */ = {
			isa = XCSwiftPackageProductDependency;
			productName = NotificationDependency;
		};
		63CCAFA22BCD1E280045B2A0 /* Lottie */ = {
			isa = XCSwiftPackageProductDependency;
			package = 63CCAFA12BCD1E280045B2A0 /* XCRemoteSwiftPackageReference "lottie-ios" */;
			productName = Lottie;
		};
		63D0C3582CA037E300C4D315 /* GreemSwiftPackage */ = {
			isa = XCSwiftPackageProductDependency;
			package = 63D0C3572CA037E300C4D315 /* XCRemoteSwiftPackageReference "GreemSwiftPackage" */;
			productName = GreemSwiftPackage;
		};
/* End XCSwiftPackageProductDependency section */
	};
	rootObject = 63C124C82B9EF93D000A6D35 /* Project object */;
}
